// !$*UTF8*$!
{
	archiveVersion = 1;
	classes = {
	};
	objectVersion = 48;
	objects = {

/* Begin PBXBuildFile section */
		BD27435A20173C2000A6FBDD /* AppDelegate.swift in Sources */ = {isa = PBXBuildFile; fileRef = BD27435920173C2000A6FBDD /* AppDelegate.swift */; };
		BD27435C20173C2000A6FBDD /* RecordSoundsViewController.swift in Sources */ = {isa = PBXBuildFile; fileRef = BD27435B20173C2000A6FBDD /* RecordSoundsViewController.swift */; };
		BD27435F20173C2000A6FBDD /* Main.storyboard in Resources */ = {isa = PBXBuildFile; fileRef = BD27435D20173C2000A6FBDD /* Main.storyboard */; };
		BD27436120173C2000A6FBDD /* Assets.xcassets in Resources */ = {isa = PBXBuildFile; fileRef = BD27436020173C2000A6FBDD /* Assets.xcassets */; };
		BD27436420173C2000A6FBDD /* LaunchScreen.storyboard in Resources */ = {isa = PBXBuildFile; fileRef = BD27436220173C2000A6FBDD /* LaunchScreen.storyboard */; };
		BD27436F20173C2000A6FBDD /* PitchPerfectTests.swift in Sources */ = {isa = PBXBuildFile; fileRef = BD27436E20173C2000A6FBDD /* PitchPerfectTests.swift */; };
		BD27437A20173C2000A6FBDD /* PitchPerfectUITests.swift in Sources */ = {isa = PBXBuildFile; fileRef = BD27437920173C2000A6FBDD /* PitchPerfectUITests.swift */; };
		BD2743882018CA7D00A6FBDD /* PlaySoundsViewController.swift in Sources */ = {isa = PBXBuildFile; fileRef = BD2743872018CA7C00A6FBDD /* PlaySoundsViewController.swift */; };
		BD27438A2019BBCB00A6FBDD /* PlaySoundsViewController+Audio.swift in Sources */ = {isa = PBXBuildFile; fileRef = BD2743892019BBCA00A6FBDD /* PlaySoundsViewController+Audio.swift */; };
/* End PBXBuildFile section */

/* Begin PBXContainerItemProxy section */
		BD27436B20173C2000A6FBDD /* PBXContainerItemProxy */ = {
			isa = PBXContainerItemProxy;
			containerPortal = BD27434E20173C1F00A6FBDD /* Project object */;
			proxyType = 1;
			remoteGlobalIDString = BD27435520173C1F00A6FBDD;
			remoteInfo = PitchPerfect;
		};
		BD27437620173C2000A6FBDD /* PBXContainerItemProxy */ = {
			isa = PBXContainerItemProxy;
			containerPortal = BD27434E20173C1F00A6FBDD /* Project object */;
			proxyType = 1;
			remoteGlobalIDString = BD27435520173C1F00A6FBDD;
			remoteInfo = PitchPerfect;
		};
/* End PBXContainerItemProxy section */

/* Begin PBXFileReference section */
		BD27435620173C2000A6FBDD /* PitchPerfect.app */ = {isa = PBXFileReference; explicitFileType = wrapper.application; includeInIndex = 0; path = PitchPerfect.app; sourceTree = BUILT_PRODUCTS_DIR; };
		BD27435920173C2000A6FBDD /* AppDelegate.swift */ = {isa = PBXFileReference; lastKnownFileType = sourcecode.swift; path = AppDelegate.swift; sourceTree = "<group>"; };
		BD27435B20173C2000A6FBDD /* RecordSoundsViewController.swift */ = {isa = PBXFileReference; lastKnownFileType = sourcecode.swift; path = RecordSoundsViewController.swift; sourceTree = "<group>"; };
		BD27435E20173C2000A6FBDD /* Base */ = {isa = PBXFileReference; lastKnownFileType = file.storyboard; name = Base; path = Base.lproj/Main.storyboard; sourceTree = "<group>"; };
		BD27436020173C2000A6FBDD /* Assets.xcassets */ = {isa = PBXFileReference; lastKnownFileType = folder.assetcatalog; path = Assets.xcassets; sourceTree = "<group>"; };
		BD27436320173C2000A6FBDD /* Base */ = {isa = PBXFileReference; lastKnownFileType = file.storyboard; name = Base; path = Base.lproj/LaunchScreen.storyboard; sourceTree = "<group>"; };
		BD27436520173C2000A6FBDD /* Info.plist */ = {isa = PBXFileReference; lastKnownFileType = text.plist.xml; path = Info.plist; sourceTree = "<group>"; };
		BD27436A20173C2000A6FBDD /* PitchPerfectTests.xctest */ = {isa = PBXFileReference; explicitFileType = wrapper.cfbundle; includeInIndex = 0; path = PitchPerfectTests.xctest; sourceTree = BUILT_PRODUCTS_DIR; };
		BD27436E20173C2000A6FBDD /* PitchPerfectTests.swift */ = {isa = PBXFileReference; lastKnownFileType = sourcecode.swift; path = PitchPerfectTests.swift; sourceTree = "<group>"; };
		BD27437020173C2000A6FBDD /* Info.plist */ = {isa = PBXFileReference; lastKnownFileType = text.plist.xml; path = Info.plist; sourceTree = "<group>"; };
		BD27437520173C2000A6FBDD /* PitchPerfectUITests.xctest */ = {isa = PBXFileReference; explicitFileType = wrapper.cfbundle; includeInIndex = 0; path = PitchPerfectUITests.xctest; sourceTree = BUILT_PRODUCTS_DIR; };
		BD27437920173C2000A6FBDD /* PitchPerfectUITests.swift */ = {isa = PBXFileReference; lastKnownFileType = sourcecode.swift; path = PitchPerfectUITests.swift; sourceTree = "<group>"; };
		BD27437B20173C2000A6FBDD /* Info.plist */ = {isa = PBXFileReference; lastKnownFileType = text.plist.xml; path = Info.plist; sourceTree = "<group>"; };
		BD2743872018CA7C00A6FBDD /* PlaySoundsViewController.swift */ = {isa = PBXFileReference; lastKnownFileType = sourcecode.swift; path = PlaySoundsViewController.swift; sourceTree = "<group>"; };
		BD2743892019BBCA00A6FBDD /* PlaySoundsViewController+Audio.swift */ = {isa = PBXFileReference; fileEncoding = 4; lastKnownFileType = sourcecode.swift; path = "PlaySoundsViewController+Audio.swift"; sourceTree = "<group>"; };
/* End PBXFileReference section */

/* Begin PBXFrameworksBuildPhase section */
		BD27435320173C1F00A6FBDD /* Frameworks */ = {
			isa = PBXFrameworksBuildPhase;
			buildActionMask = 2147483647;
			files = (
			);
			runOnlyForDeploymentPostprocessing = 0;
		};
		BD27436720173C2000A6FBDD /* Frameworks */ = {
			isa = PBXFrameworksBuildPhase;
			buildActionMask = 2147483647;
			files = (
			);
			runOnlyForDeploymentPostprocessing = 0;
		};
		BD27437220173C2000A6FBDD /* Frameworks */ = {
			isa = PBXFrameworksBuildPhase;
			buildActionMask = 2147483647;
			files = (
			);
			runOnlyForDeploymentPostprocessing = 0;
		};
/* End PBXFrameworksBuildPhase section */

/* Begin PBXGroup section */
		BD27434D20173C1F00A6FBDD = {
			isa = PBXGroup;
			children = (
				BD27435820173C2000A6FBDD /* PitchPerfect */,
				BD27436D20173C2000A6FBDD /* PitchPerfectTests */,
				BD27437820173C2000A6FBDD /* PitchPerfectUITests */,
				BD27435720173C2000A6FBDD /* Products */,
			);
			sourceTree = "<group>";
		};
		BD27435720173C2000A6FBDD /* Products */ = {
			isa = PBXGroup;
			children = (
				BD27435620173C2000A6FBDD /* PitchPerfect.app */,
				BD27436A20173C2000A6FBDD /* PitchPerfectTests.xctest */,
				BD27437520173C2000A6FBDD /* PitchPerfectUITests.xctest */,
			);
			name = Products;
			sourceTree = "<group>";
		};
		BD27435820173C2000A6FBDD /* PitchPerfect */ = {
			isa = PBXGroup;
			children = (
				BD27435920173C2000A6FBDD /* AppDelegate.swift */,
				BD27435B20173C2000A6FBDD /* RecordSoundsViewController.swift */,
				BD27435D20173C2000A6FBDD /* Main.storyboard */,
				BD27436020173C2000A6FBDD /* Assets.xcassets */,
				BD27436220173C2000A6FBDD /* LaunchScreen.storyboard */,
				BD27436520173C2000A6FBDD /* Info.plist */,
				BD2743872018CA7C00A6FBDD /* PlaySoundsViewController.swift */,
				BD2743892019BBCA00A6FBDD /* PlaySoundsViewController+Audio.swift */,
			);
			path = PitchPerfect;
			sourceTree = "<group>";
		};
		BD27436D20173C2000A6FBDD /* PitchPerfectTests */ = {
			isa = PBXGroup;
			children = (
				BD27436E20173C2000A6FBDD /* PitchPerfectTests.swift */,
				BD27437020173C2000A6FBDD /* Info.plist */,
			);
			path = PitchPerfectTests;
			sourceTree = "<group>";
		};
		BD27437820173C2000A6FBDD /* PitchPerfectUITests */ = {
			isa = PBXGroup;
			children = (
				BD27437920173C2000A6FBDD /* PitchPerfectUITests.swift */,
				BD27437B20173C2000A6FBDD /* Info.plist */,
			);
			path = PitchPerfectUITests;
			sourceTree = "<group>";
		};
/* End PBXGroup section */

/* Begin PBXNativeTarget section */
		BD27435520173C1F00A6FBDD /* PitchPerfect */ = {
			isa = PBXNativeTarget;
			buildConfigurationList = BD27437E20173C2000A6FBDD /* Build configuration list for PBXNativeTarget "PitchPerfect" */;
			buildPhases = (
				BD27435220173C1F00A6FBDD /* Sources */,
				BD27435320173C1F00A6FBDD /* Frameworks */,
				BD27435420173C1F00A6FBDD /* Resources */,
			);
			buildRules = (
			);
			dependencies = (
			);
			name = PitchPerfect;
			productName = PitchPerfect;
			productReference = BD27435620173C2000A6FBDD /* PitchPerfect.app */;
			productType = "com.apple.product-type.application";
		};
		BD27436920173C2000A6FBDD /* PitchPerfectTests */ = {
			isa = PBXNativeTarget;
			buildConfigurationList = BD27438120173C2000A6FBDD /* Build configuration list for PBXNativeTarget "PitchPerfectTests" */;
			buildPhases = (
				BD27436620173C2000A6FBDD /* Sources */,
				BD27436720173C2000A6FBDD /* Frameworks */,
				BD27436820173C2000A6FBDD /* Resources */,
			);
			buildRules = (
			);
			dependencies = (
				BD27436C20173C2000A6FBDD /* PBXTargetDependency */,
			);
			name = PitchPerfectTests;
			productName = PitchPerfectTests;
			productReference = BD27436A20173C2000A6FBDD /* PitchPerfectTests.xctest */;
			productType = "com.apple.product-type.bundle.unit-test";
		};
		BD27437420173C2000A6FBDD /* PitchPerfectUITests */ = {
			isa = PBXNativeTarget;
			buildConfigurationList = BD27438420173C2000A6FBDD /* Build configuration list for PBXNativeTarget "PitchPerfectUITests" */;
			buildPhases = (
				BD27437120173C2000A6FBDD /* Sources */,
				BD27437220173C2000A6FBDD /* Frameworks */,
				BD27437320173C2000A6FBDD /* Resources */,
			);
			buildRules = (
			);
			dependencies = (
				BD27437720173C2000A6FBDD /* PBXTargetDependency */,
			);
			name = PitchPerfectUITests;
			productName = PitchPerfectUITests;
			productReference = BD27437520173C2000A6FBDD /* PitchPerfectUITests.xctest */;
			productType = "com.apple.product-type.bundle.ui-testing";
		};
/* End PBXNativeTarget section */

/* Begin PBXProject section */
		BD27434E20173C1F00A6FBDD /* Project object */ = {
			isa = PBXProject;
			attributes = {
				LastSwiftUpdateCheck = 0920;
				LastUpgradeCheck = 0920;
				ORGANIZATIONNAME = "Siyabonga Zondo";
				TargetAttributes = {
					BD27435520173C1F00A6FBDD = {
						CreatedOnToolsVersion = 9.2;
						ProvisioningStyle = Automatic;
					};
					BD27436920173C2000A6FBDD = {
						CreatedOnToolsVersion = 9.2;
						ProvisioningStyle = Automatic;
						TestTargetID = BD27435520173C1F00A6FBDD;
					};
					BD27437420173C2000A6FBDD = {
						CreatedOnToolsVersion = 9.2;
						ProvisioningStyle = Automatic;
						TestTargetID = BD27435520173C1F00A6FBDD;
					};
				};
			};
			buildConfigurationList = BD27435120173C1F00A6FBDD /* Build configuration list for PBXProject "PitchPerfect" */;
			compatibilityVersion = "Xcode 8.0";
			developmentRegion = en;
			hasScannedForEncodings = 0;
			knownRegions = (
				en,
				Base,
			);
			mainGroup = BD27434D20173C1F00A6FBDD;
			productRefGroup = BD27435720173C2000A6FBDD /* Products */;
			projectDirPath = "";
			projectRoot = "";
			targets = (
				BD27435520173C1F00A6FBDD /* PitchPerfect */,
				BD27436920173C2000A6FBDD /* PitchPerfectTests */,
				BD27437420173C2000A6FBDD /* PitchPerfectUITests */,
			);
		};
/* End PBXProject section */

/* Begin PBXResourcesBuildPhase section */
		BD27435420173C1F00A6FBDD /* Resources */ = {
			isa = PBXResourcesBuildPhase;
			buildActionMask = 2147483647;
			files = (
				BD27436420173C2000A6FBDD /* LaunchScreen.storyboard in Resources */,
				BD27436120173C2000A6FBDD /* Assets.xcassets in Resources */,
				BD27435F20173C2000A6FBDD /* Main.storyboard in Resources */,
			);
			runOnlyForDeploymentPostprocessing = 0;
		};
		BD27436820173C2000A6FBDD /* Resources */ = {
			isa = PBXResourcesBuildPhase;
			buildActionMask = 2147483647;
			files = (
			);
			runOnlyForDeploymentPostprocessing = 0;
		};
		BD27437320173C2000A6FBDD /* Resources */ = {
			isa = PBXResourcesBuildPhase;
			buildActionMask = 2147483647;
			files = (
			);
			runOnlyForDeploymentPostprocessing = 0;
		};
/* End PBXResourcesBuildPhase section */

/* Begin PBXSourcesBuildPhase section */
		BD27435220173C1F00A6FBDD /* Sources */ = {
			isa = PBXSourcesBuildPhase;
			buildActionMask = 2147483647;
			files = (
				BD27435C20173C2000A6FBDD /* RecordSoundsViewController.swift in Sources */,
				BD27438A2019BBCB00A6FBDD /* PlaySoundsViewController+Audio.swift in Sources */,
				BD2743882018CA7D00A6FBDD /* PlaySoundsViewController.swift in Sources */,
				BD27435A20173C2000A6FBDD /* AppDelegate.swift in Sources */,
			);
			runOnlyForDeploymentPostprocessing = 0;
		};
		BD27436620173C2000A6FBDD /* Sources */ = {
			isa = PBXSourcesBuildPhase;
			buildActionMask = 2147483647;
			files = (
				BD27436F20173C2000A6FBDD /* PitchPerfectTests.swift in Sources */,
			);
			runOnlyForDeploymentPostprocessing = 0;
		};
		BD27437120173C2000A6FBDD /* Sources */ = {
			isa = PBXSourcesBuildPhase;
			buildActionMask = 2147483647;
			files = (
				BD27437A20173C2000A6FBDD /* PitchPerfectUITests.swift in Sources */,
			);
			runOnlyForDeploymentPostprocessing = 0;
		};
/* End PBXSourcesBuildPhase section */

/* Begin PBXTargetDependency section */
		BD27436C20173C2000A6FBDD /* PBXTargetDependency */ = {
			isa = PBXTargetDependency;
			target = BD27435520173C1F00A6FBDD /* PitchPerfect */;
			targetProxy = BD27436B20173C2000A6FBDD /* PBXContainerItemProxy */;
		};
		BD27437720173C2000A6FBDD /* PBXTargetDependency */ = {
			isa = PBXTargetDependency;
			target = BD27435520173C1F00A6FBDD /* PitchPerfect */;
			targetProxy = BD27437620173C2000A6FBDD /* PBXContainerItemProxy */;
		};
/* End PBXTargetDependency section */

/* Begin PBXVariantGroup section */
		BD27435D20173C2000A6FBDD /* Main.storyboard */ = {
			isa = PBXVariantGroup;
			children = (
				BD27435E20173C2000A6FBDD /* Base */,
			);
			name = Main.storyboard;
			sourceTree = "<group>";
		};
		BD27436220173C2000A6FBDD /* LaunchScreen.storyboard */ = {
			isa = PBXVariantGroup;
			children = (
				BD27436320173C2000A6FBDD /* Base */,
			);
			name = LaunchScreen.storyboard;
			sourceTree = "<group>";
		};
/* End PBXVariantGroup section */

/* Begin XCBuildConfiguration section */
		BD27437C20173C2000A6FBDD /* Debug */ = {
			isa = XCBuildConfiguration;
			buildSettings = {
				ALWAYS_SEARCH_USER_PATHS = NO;
				CLANG_ANALYZER_NONNULL = YES;
				CLANG_ANALYZER_NUMBER_OBJECT_CONVERSION = YES_AGGRESSIVE;
				CLANG_CXX_LANGUAGE_STANDARD = "gnu++14";
				CLANG_CXX_LIBRARY = "libc++";
				CLANG_ENABLE_MODULES = YES;
				CLANG_ENABLE_OBJC_ARC = YES;
				CLANG_WARN_BLOCK_CAPTURE_AUTORELEASING = YES;
				CLANG_WARN_BOOL_CONVERSION = YES;
				CLANG_WARN_COMMA = YES;
				CLANG_WARN_CONSTANT_CONVERSION = YES;
				CLANG_WARN_DIRECT_OBJC_ISA_USAGE = YES_ERROR;
				CLANG_WARN_DOCUMENTATION_COMMENTS = YES;
				CLANG_WARN_EMPTY_BODY = YES;
				CLANG_WARN_ENUM_CONVERSION = YES;
				CLANG_WARN_INFINITE_RECURSION = YES;
				CLANG_WARN_INT_CONVERSION = YES;
				CLANG_WARN_NON_LITERAL_NULL_CONVERSION = YES;
				CLANG_WARN_OBJC_LITERAL_CONVERSION = YES;
				CLANG_WARN_OBJC_ROOT_CLASS = YES_ERROR;
				CLANG_WARN_RANGE_LOOP_ANALYSIS = YES;
				CLANG_WARN_STRICT_PROTOTYPES = YES;
				CLANG_WARN_SUSPICIOUS_MOVE = YES;
				CLANG_WARN_UNGUARDED_AVAILABILITY = YES_AGGRESSIVE;
				CLANG_WARN_UNREACHABLE_CODE = YES;
				CLANG_WARN__DUPLICATE_METHOD_MATCH = YES;
				CODE_SIGN_IDENTITY = "iPhone Developer";
				COPY_PHASE_STRIP = NO;
				DEBUG_INFORMATION_FORMAT = dwarf;
				ENABLE_STRICT_OBJC_MSGSEND = YES;
				ENABLE_TESTABILITY = YES;
				GCC_C_LANGUAGE_STANDARD = gnu11;
				GCC_DYNAMIC_NO_PIC = NO;
				GCC_NO_COMMON_BLOCKS = YES;
				GCC_OPTIMIZATION_LEVEL = 0;
				GCC_PREPROCESSOR_DEFINITIONS = (
					"DEBUG=1",
					"$(inherited)",
				);
				GCC_WARN_64_TO_32_BIT_CONVERSION = YES;
				GCC_WARN_ABOUT_RETURN_TYPE = YES_ERROR;
				GCC_WARN_UNDECLARED_SELECTOR = YES;
				GCC_WARN_UNINITIALIZED_AUTOS = YES_AGGRESSIVE;
				GCC_WARN_UNUSED_FUNCTION = YES;
				GCC_WARN_UNUSED_VARIABLE = YES;
				IPHONEOS_DEPLOYMENT_TARGET = 11.2;
				MTL_ENABLE_DEBUG_INFO = YES;
				ONLY_ACTIVE_ARCH = YES;
				SDKROOT = iphoneos;
				SWIFT_ACTIVE_COMPILATION_CONDITIONS = DEBUG;
				SWIFT_OPTIMIZATION_LEVEL = "-Onone";
			};
			name = Debug;
		};
		BD27437D20173C2000A6FBDD /* Release */ = {
			isa = XCBuildConfiguration;
			buildSettings = {
				ALWAYS_SEARCH_USER_PATHS = NO;
				CLANG_ANALYZER_NONNULL = YES;
				CLANG_ANALYZER_NUMBER_OBJECT_CONVERSION = YES_AGGRESSIVE;
				CLANG_CXX_LANGUAGE_STANDARD = "gnu++14";
				CLANG_CXX_LIBRARY = "libc++";
				CLANG_ENABLE_MODULES = YES;
				CLANG_ENABLE_OBJC_ARC = YES;
				CLANG_WARN_BLOCK_CAPTURE_AUTORELEASING = YES;
				CLANG_WARN_BOOL_CONVERSION = YES;
				CLANG_WARN_COMMA = YES;
				CLANG_WARN_CONSTANT_CONVERSION = YES;
				CLANG_WARN_DIRECT_OBJC_ISA_USAGE = YES_ERROR;
				CLANG_WARN_DOCUMENTATION_COMMENTS = YES;
				CLANG_WARN_EMPTY_BODY = YES;
				CLANG_WARN_ENUM_CONVERSION = YES;
				CLANG_WARN_INFINITE_RECURSION = YES;
				CLANG_WARN_INT_CONVERSION = YES;
				CLANG_WARN_NON_LITERAL_NULL_CONVERSION = YES;
				CLANG_WARN_OBJC_LITERAL_CONVERSION = YES;
				CLANG_WARN_OBJC_ROOT_CLASS = YES_ERROR;
				CLANG_WARN_RANGE_LOOP_ANALYSIS = YES;
				CLANG_WARN_STRICT_PROTOTYPES = YES;
				CLANG_WARN_SUSPICIOUS_MOVE = YES;
				CLANG_WARN_UNGUARDED_AVAILABILITY = YES_AGGRESSIVE;
				CLANG_WARN_UNREACHABLE_CODE = YES;
				CLANG_WARN__DUPLICATE_METHOD_MATCH = YES;
				CODE_SIGN_IDENTITY = "iPhone Developer";
				COPY_PHASE_STRIP = NO;
				DEBUG_INFORMATION_FORMAT = "dwarf-with-dsym";
				ENABLE_NS_ASSERTIONS = NO;
				ENABLE_STRICT_OBJC_MSGSEND = YES;
				GCC_C_LANGUAGE_STANDARD = gnu11;
				GCC_NO_COMMON_BLOCKS = YES;
				GCC_WARN_64_TO_32_BIT_CONVERSION = YES;
				GCC_WARN_ABOUT_RETURN_TYPE = YES_ERROR;
				GCC_WARN_UNDECLARED_SELECTOR = YES;
				GCC_WARN_UNINITIALIZED_AUTOS = YES_AGGRESSIVE;
				GCC_WARN_UNUSED_FUNCTION = YES;
				GCC_WARN_UNUSED_VARIABLE = YES;
				IPHONEOS_DEPLOYMENT_TARGET = 11.2;
				MTL_ENABLE_DEBUG_INFO = NO;
				SDKROOT = iphoneos;
				SWIFT_OPTIMIZATION_LEVEL = "-Owholemodule";
				VALIDATE_PRODUCT = YES;
			};
			name = Release;
		};
		BD27437F20173C2000A6FBDD /* Debug */ = {
			isa = XCBuildConfiguration;
			buildSettings = {
				ASSETCATALOG_COMPILER_APPICON_NAME = AppIcon;
				CODE_SIGN_STYLE = Automatic;
				INFOPLIST_FILE = PitchPerfect/Info.plist;
				LD_RUNPATH_SEARCH_PATHS = "$(inherited) @executable_path/Frameworks";
				PRODUCT_BUNDLE_IDENTIFIER = gijima.PitchPerfect;
				PRODUCT_NAME = "$(TARGET_NAME)";
				SWIFT_VERSION = 4.0;
				TARGETED_DEVICE_FAMILY = "1,2";
			};
			name = Debug;
		};
		BD27438020173C2000A6FBDD /* Release */ = {
			isa = XCBuildConfiguration;
			buildSettings = {
				ASSETCATALOG_COMPILER_APPICON_NAME = AppIcon;
				CODE_SIGN_STYLE = Automatic;
				INFOPLIST_FILE = PitchPerfect/Info.plist;
				LD_RUNPATH_SEARCH_PATHS = "$(inherited) @executable_path/Frameworks";
				PRODUCT_BUNDLE_IDENTIFIER = gijima.PitchPerfect;
				PRODUCT_NAME = "$(TARGET_NAME)";
				SWIFT_VERSION = 4.0;
				TARGETED_DEVICE_FAMILY = "1,2";
			};
			name = Release;
		};
		BD27438220173C2000A6FBDD /* Debug */ = {
			isa = XCBuildConfiguration;
			buildSettings = {
				ALWAYS_EMBED_SWIFT_STANDARD_LIBRARIES = YES;
				BUNDLE_LOADER = "$(TEST_HOST)";
				CODE_SIGN_STYLE = Automatic;
				INFOPLIST_FILE = PitchPerfectTests/Info.plist;
				LD_RUNPATH_SEARCH_PATHS = "$(inherited) @executable_path/Frameworks @loader_path/Frameworks";
				PRODUCT_BUNDLE_IDENTIFIER = gijima.PitchPerfectTests;
				PRODUCT_NAME = "$(TARGET_NAME)";
				SWIFT_VERSION = 4.0;
				TARGETED_DEVICE_FAMILY = "1,2";
				TEST_HOST = "$(BUILT_PRODUCTS_DIR)/PitchPerfect.app/PitchPerfect";
			};
			name = Debug;
		};
		BD27438320173C2000A6FBDD /* Release */ = {
			isa = XCBuildConfiguration;
			buildSettings = {
				ALWAYS_EMBED_SWIFT_STANDARD_LIBRARIES = YES;
				BUNDLE_LOADER = "$(TEST_HOST)";
				CODE_SIGN_STYLE = Automatic;
				INFOPLIST_FILE = PitchPerfectTests/Info.plist;
				LD_RUNPATH_SEARCH_PATHS = "$(inherited) @executable_path/Frameworks @loader_path/Frameworks";
				PRODUCT_BUNDLE_IDENTIFIER = gijima.PitchPerfectTests;
				PRODUCT_NAME = "$(TARGET_NAME)";
				SWIFT_VERSION = 4.0;
				TARGETED_DEVICE_FAMILY = "1,2";
				TEST_HOST = "$(BUILT_PRODUCTS_DIR)/PitchPerfect.app/PitchPerfect";
			};
			name = Release;
		};
		BD27438520173C2000A6FBDD /* Debug */ = {
			isa = XCBuildConfiguration;
			buildSettings = {
				ALWAYS_EMBED_SWIFT_STANDARD_LIBRARIES = YES;
				CODE_SIGN_STYLE = Automatic;
				INFOPLIST_FILE = PitchPerfectUITests/Info.plist;
				LD_RUNPATH_SEARCH_PATHS = "$(inherited) @executable_path/Frameworks @loader_path/Frameworks";
				PRODUCT_BUNDLE_IDENTIFIER = gijima.PitchPerfectUITests;
				PRODUCT_NAME = "$(TARGET_NAME)";
				SWIFT_VERSION = 4.0;
				TARGETED_DEVICE_FAMILY = "1,2";
				TEST_TARGET_NAME = PitchPerfect;
			};
			name = Debug;
		};
		BD27438620173C2000A6FBDD /* Release */ = {
			isa = XCBuildConfiguration;
			buildSettings = {
				ALWAYS_EMBED_SWIFT_STANDARD_LIBRARIES = YES;
				CODE_SIGN_STYLE = Automatic;
				INFOPLIST_FILE = PitchPerfectUITests/Info.plist;
				LD_RUNPATH_SEARCH_PATHS = "$(inherited) @executable_path/Frameworks @loader_path/Frameworks";
				PRODUCT_BUNDLE_IDENTIFIER = gijima.PitchPerfectUITests;
				PRODUCT_NAME = "$(TARGET_NAME)";
				SWIFT_VERSION = 4.0;
				TARGETED_DEVICE_FAMILY = "1,2";
				TEST_TARGET_NAME = PitchPerfect;
			};
			name = Release;
		};
/* End XCBuildConfiguration section */

/* Begin XCConfigurationList section */
		BD27435120173C1F00A6FBDD /* Build configuration list for PBXProject "PitchPerfect" */ = {
			isa = XCConfigurationList;
			buildConfigurations = (
				BD27437C20173C2000A6FBDD /* Debug */,
				BD27437D20173C2000A6FBDD /* Release */,
			);
			defaultConfigurationIsVisible = 0;
			defaultConfigurationName = Release;
		};
		BD27437E20173C2000A6FBDD /* Build configuration list for PBXNativeTarget "PitchPerfect" */ = {
			isa = XCConfigurationList;
			buildConfigurations = (
				BD27437F20173C2000A6FBDD /* Debug */,
				BD27438020173C2000A6FBDD /* Release */,
			);
			defaultConfigurationIsVisible = 0;
			defaultConfigurationName = Release;
		};
		BD27438120173C2000A6FBDD /* Build configuration list for PBXNativeTarget "PitchPerfectTests" */ = {
			isa = XCConfigurationList;
			buildConfigurations = (
				BD27438220173C2000A6FBDD /* Debug */,
				BD27438320173C2000A6FBDD /* Release */,
			);
			defaultConfigurationIsVisible = 0;
			defaultConfigurationName = Release;
		};
		BD27438420173C2000A6FBDD /* Build configuration list for PBXNativeTarget "PitchPerfectUITests" */ = {
			isa = XCConfigurationList;
			buildConfigurations = (
				BD27438520173C2000A6FBDD /* Debug */,
				BD27438620173C2000A6FBDD /* Release */,
			);
			defaultConfigurationIsVisible = 0;
			defaultConfigurationName = Release;
		};
/* End XCConfigurationList section */
	};
	rootObject = BD27434E20173C1F00A6FBDD /* Project object */;
}
